{
  "name": "peatused-data",
  "version": "1.0.0",
  "lockfileVersion": 3,
  "requires": true,
  "packages": {
    "": {
      "name": "peatused-data",
      "version": "1.0.0",
      "license": "ISC",
      "dependencies": {
        "@turf/points-within-polygon": "7.3.3",
        "node-fetch": "2.7.0"
      }
    },
    "node_modules/@turf/boolean-point-in-polygon": {
      "version": "7.3.3",
      "resolved": "https://registry.npmjs.org/@turf/boolean-point-in-polygon/-/boolean-point-in-polygon-7.3.3.tgz",
      "integrity": "sha512-hmXV4PofLAVbVZcnKk/yp//0s65huap+L3wKGKzbLWk57fWla/eRmFKx/iQ15xGu05zylHz5cA5AfriVGZHj2g==",
      "license": "MIT",
      "dependencies": {
        "@turf/helpers": "7.3.3",
        "@turf/invariant": "7.3.3",
        "@types/geojson": "^7946.0.10",
        "point-in-polygon-hao": "^1.1.0",
        "tslib": "^2.8.1"
      },
      "funding": {
        "url": "https://opencollective.com/turf"
      }
    },
    "node_modules/@turf/helpers": {
      "version": "7.3.3",
      "resolved": "https://registry.npmjs.org/@turf/helpers/-/helpers-7.3.3.tgz",
      "integrity": "sha512-9Ias0L1GuZPIzO6sk8jraTEuLJye6n9LYNEdw69ZGOQ6C1IigjxkPW49zmn21aTv1z27vxdVLSS3r+78DB2QnQ==",
      "license": "MIT",
      "dependencies": {
        "@types/geojson": "^7946.0.10",
        "tslib": "^2.8.1"
      },
      "funding": {
        "url": "https://opencollective.com/turf"
      }
    },
    "node_modules/@turf/invariant": {
      "version": "7.3.3",
      "resolved": "https://registry.npmjs.org/@turf/invariant/-/invariant-7.3.3.tgz",
      "integrity": "sha512-q6UDgWmtIlU+AIxt5Awnh18ZMSuNti6drCXbIBdGdgQaQ1qEiyGZDE3P9RKk6otoLXOBYecOuI0HIwf2IxurhQ==",
      "license": "MIT",
      "dependencies": {
        "@turf/helpers": "7.3.3",
        "@types/geojson": "^7946.0.10",
        "tslib": "^2.8.1"
      },
      "funding": {
        "url": "https://opencollective.com/turf"
      }
    },
    "node_modules/@turf/meta": {
      "version": "7.3.3",
      "resolved": "https://registry.npmjs.org/@turf/meta/-/meta-7.3.3.tgz",
      "integrity": "sha512-Tz1j4h70iFB5SebWWoVv/uL59x4aOngXU+d1xQDXzOCn/O6txnreGVGMcYU362c5F06yqZx38H9UFTQ553lK0w==",
      "license": "MIT",
      "dependencies": {
        "@turf/helpers": "7.3.3",
        "@types/geojson": "^7946.0.10",
        "tslib": "^2.8.1"
      },
      "funding": {
        "url": "https://opencollective.com/turf"
      }
    },
    "node_modules/@turf/points-within-polygon": {
      "version": "7.3.3",
      "resolved": "https://registry.npmjs.org/@turf/points-within-polygon/-/points-within-polygon-7.3.3.tgz",
      "integrity": "sha512-shi4H7sO+yK+8y7IHyErSCl3QD9QTNIdaXD5uePt91LpheSWGm75Vgi12pOlY+LosM3Yip/Rd6AoRxzkM2NBAA==",
      "license": "MIT",
      "dependencies": {
        "@turf/boolean-point-in-polygon": "7.3.3",
        "@turf/helpers": "7.3.3",
        "@turf/meta": "7.3.3",
        "@types/geojson": "^7946.0.10",
        "tslib": "^2.8.1"
      },
      "funding": {
        "url": "https://opencollective.com/turf"
      }
    },
    "node_modules/@types/geojson": {
      "version": "7946.0.16",
      "resolved": "https://registry.npmjs.org/@types/geojson/-/geojson-7946.0.16.tgz",
      "integrity": "sha512-6C8nqWur3j98U6+lXDfTUWIfgvZU+EumvpHKcYjujKH7woYyLj2sUmff0tRhrqM7BohUw7Pz3ZB1jj2gW9Fvmg==",
      "license": "MIT"
    },
    "node_modules/node-fetch": {
      "version": "2.7.0",
      "resolved": "https://registry.npmjs.org/node-fetch/-/node-fetch-2.7.0.tgz",
      "integrity": "sha512-c4FRfUm/dbcWZ7U+1Wq0AwCyFL+3nt2bEw05wfxSz+DWpWsitgmSgYmy2dQdWyKC1694ELPqMs/YzUSNozLt8A==",
      "license": "MIT",
      "dependencies": {
        "whatwg-url": "^5.0.0"
      },
      "engines": {
        "node": "4.x || >=6.0.0"
      },
      "peerDependencies": {
        "encoding": "^0.1.0"
      },
      "peerDependenciesMeta": {
        "encoding": {
          "optional": true
        }
      }
    },
    "node_modules/point-in-polygon-hao": {
      "version": "1.2.4",
      "resolved": "https://registry.npmjs.org/point-in-polygon-hao/-/point-in-polygon-hao-1.2.4.tgz",
      "integrity": "sha512-x2pcvXeqhRHlNRdhLs/tgFapAbSSe86wa/eqmj1G6pWftbEs5aVRJhRGM6FYSUERKu0PjekJzMq0gsI2XyiclQ==",
      "license": "MIT",
      "dependencies": {
        "robust-predicates": "^3.0.2"
      }
    },
    "node_modules/robust-predicates": {
      "version": "3.0.2",
      "resolved": "https://registry.npmjs.org/robust-predicates/-/robust-predicates-3.0.2.tgz",
      "integrity": "sha512-IXgzBWvWQwE6PrDI05OvmXUIruQTcoMDzRsOd5CDvHCVLcLHMTSYvOK5Cm46kWqlV3yAbuSpBZdJ5oP5OUoStg==",
      "license": "Unlicense"
    },
    "node_modules/tr46": {
      "version": "0.0.3",
      "resolved": "https://registry.npmjs.org/tr46/-/tr46-0.0.3.tgz",
      "integrity": "sha512-N3WMsuqV66lT30CrXNbEjx4GEwlow3v6rr4mCcv6prnfwhS01rkgyFdjPNBYd9br7LpXV1+Emh01fHnq2Gdgrw==",
      "license": "MIT"
    },
    "node_modules/tslib": {
      "version": "2.8.1",
      "resolved": "https://registry.npmjs.org/tslib/-/tslib-2.8.1.tgz",
      "integrity": "sha512-oJFu94HQb+KVduSUQL7wnpmqnfmLsOA/nAh6b6EH0wCEoK0/mPeXU6c3wKDV83MkOuHPRHtSXKKU99IBazS/2w==",
      "license": "0BSD"
    },
    "node_modules/webidl-conversions": {
      "version": "3.0.1",
      "resolved": "https://registry.npmjs.org/webidl-conversions/-/webidl-conversions-3.0.1.tgz",
      "integrity": "sha512-2JAn3z8AR6rjK8Sm8orRC0h/bcl/DqL7tRPdGZ4I1CjdF+EaMLmYxBHyXuKL849eucPFhvBoxMsflfOb8kxaeQ==",
      "license": "BSD-2-Clause"
    },
    "node_modules/whatwg-url": {
      "version": "5.0.0",
      "resolved": "https://registry.npmjs.org/whatwg-url/-/whatwg-url-5.0.0.tgz",
      "integrity": "sha512-saE57nupxk6v3HY35+jzBwYa0rKSy0XR8JSxZPwgLr7ys0IBzhGviA1/TUGJLmSVqs8pb9AnvICXEuOHLprYTw==",
      "license": "MIT",
      "dependencies": {
        "tr46": "~0.0.3",
        "webidl-conversions": "^3.0.0"
      }
    }
  }
}
