{
  "name": "peatused-data",
  "version": "1.0.0",
  "lockfileVersion": 2,
  "requires": true,
  "packages": {
    "": {
      "name": "peatused-data",
      "version": "1.0.0",
      "license": "ISC",
      "dependencies": {
        "@turf/points-within-polygon": "7.1.0",
        "node-fetch": "2.7.0"
      }
    },
    "node_modules/@turf/boolean-point-in-polygon": {
      "version": "7.1.0",
      "resolved": "https://registry.npmjs.org/@turf/boolean-point-in-polygon/-/boolean-point-in-polygon-7.1.0.tgz",
      "integrity": "sha512-mprVsyIQ+ijWTZwbnO4Jhxu94ZW2M2CheqLiRTsGJy0Ooay9v6Av5/Nl3/Gst7ZVXxPqMeMaFYkSzcTc87AKew==",
      "license": "MIT",
      "dependencies": {
        "@turf/helpers": "^7.1.0",
        "@turf/invariant": "^7.1.0",
        "@types/geojson": "^7946.0.10",
        "point-in-polygon-hao": "^1.1.0",
        "tslib": "^2.6.2"
      },
      "funding": {
        "url": "https://opencollective.com/turf"
      }
    },
    "node_modules/@turf/helpers": {
      "version": "7.1.0",
      "resolved": "https://registry.npmjs.org/@turf/helpers/-/helpers-7.1.0.tgz",
      "integrity": "sha512-dTeILEUVeNbaEeoZUOhxH5auv7WWlOShbx7QSd4s0T4Z0/iz90z9yaVCtZOLbU89umKotwKaJQltBNO9CzVgaQ==",
      "license": "MIT",
      "dependencies": {
        "@types/geojson": "^7946.0.10",
        "tslib": "^2.6.2"
      },
      "funding": {
        "url": "https://opencollective.com/turf"
      }
    },
    "node_modules/@turf/invariant": {
      "version": "7.1.0",
      "resolved": "https://registry.npmjs.org/@turf/invariant/-/invariant-7.1.0.tgz",
      "integrity": "sha512-OCLNqkItBYIP1nE9lJGuIUatWGtQ4rhBKAyTfFu0z8npVzGEYzvguEeof8/6LkKmTTEHW53tCjoEhSSzdRh08Q==",
      "license": "MIT",
      "dependencies": {
        "@turf/helpers": "^7.1.0",
        "@types/geojson": "^7946.0.10",
        "tslib": "^2.6.2"
      },
      "funding": {
        "url": "https://opencollective.com/turf"
      }
    },
    "node_modules/@turf/meta": {
      "version": "7.1.0",
      "resolved": "https://registry.npmjs.org/@turf/meta/-/meta-7.1.0.tgz",
      "integrity": "sha512-ZgGpWWiKz797Fe8lfRj7HKCkGR+nSJ/5aKXMyofCvLSc2PuYJs/qyyifDPWjASQQCzseJ7AlF2Pc/XQ/3XkkuA==",
      "license": "MIT",
      "dependencies": {
        "@turf/helpers": "^7.1.0",
        "@types/geojson": "^7946.0.10"
      },
      "funding": {
        "url": "https://opencollective.com/turf"
      }
    },
    "node_modules/@turf/points-within-polygon": {
      "version": "7.1.0",
      "resolved": "https://registry.npmjs.org/@turf/points-within-polygon/-/points-within-polygon-7.1.0.tgz",
      "integrity": "sha512-SzqeD9Gcp11rEya+rCVMy6IPuYMrphNEkCiQ39W6ec9hsaqKlruqmtudKhhckMGVLVUUBCQAu5f55yjcDfVW2w==",
      "license": "MIT",
      "dependencies": {
        "@turf/boolean-point-in-polygon": "^7.1.0",
        "@turf/helpers": "^7.1.0",
        "@turf/meta": "^7.1.0",
        "@types/geojson": "^7946.0.10",
        "tslib": "^2.6.2"
      },
      "funding": {
        "url": "https://opencollective.com/turf"
      }
    },
    "node_modules/@types/geojson": {
      "version": "7946.0.14",
      "resolved": "https://registry.npmjs.org/@types/geojson/-/geojson-7946.0.14.tgz",
      "integrity": "sha512-WCfD5Ht3ZesJUsONdhvm84dmzWOiOzOAqOncN0++w0lBw1o8OuDNJF2McvvCef/yBqb/HYRahp1BYtODFQ8bRg==",
      "license": "MIT"
    },
    "node_modules/node-fetch": {
      "version": "2.7.0",
      "resolved": "https://registry.npmjs.org/node-fetch/-/node-fetch-2.7.0.tgz",
      "integrity": "sha512-c4FRfUm/dbcWZ7U+1Wq0AwCyFL+3nt2bEw05wfxSz+DWpWsitgmSgYmy2dQdWyKC1694ELPqMs/YzUSNozLt8A==",
      "dependencies": {
        "whatwg-url": "^5.0.0"
      },
      "engines": {
        "node": "4.x || >=6.0.0"
      },
      "peerDependencies": {
        "encoding": "^0.1.0"
      },
      "peerDependenciesMeta": {
        "encoding": {
          "optional": true
        }
      }
    },
    "node_modules/point-in-polygon-hao": {
      "version": "1.1.0",
      "resolved": "https://registry.npmjs.org/point-in-polygon-hao/-/point-in-polygon-hao-1.1.0.tgz",
      "integrity": "sha512-3hTIM2j/v9Lio+wOyur3kckD4NxruZhpowUbEgmyikW+a2Kppjtu1eN+AhnMQtoHW46zld88JiYWv6fxpsDrTQ==",
      "license": "MIT"
    },
    "node_modules/tr46": {
      "version": "0.0.3",
      "resolved": "https://registry.npmjs.org/tr46/-/tr46-0.0.3.tgz",
      "integrity": "sha1-gYT9NH2snNwYWZLzpmIuFLnZq2o="
    },
    "node_modules/tslib": {
      "version": "2.7.0",
      "resolved": "https://registry.npmjs.org/tslib/-/tslib-2.7.0.tgz",
      "integrity": "sha512-gLXCKdN1/j47AiHiOkJN69hJmcbGTHI0ImLmbYLHykhgeN0jVGola9yVjFgzCUklsZQMW55o+dW7IXv3RCXDzA==",
      "license": "0BSD"
    },
    "node_modules/webidl-conversions": {
      "version": "3.0.1",
      "resolved": "https://registry.npmjs.org/webidl-conversions/-/webidl-conversions-3.0.1.tgz",
      "integrity": "sha1-JFNCdeKnvGvnvIZhHMFq4KVlSHE="
    },
    "node_modules/whatwg-url": {
      "version": "5.0.0",
      "resolved": "https://registry.npmjs.org/whatwg-url/-/whatwg-url-5.0.0.tgz",
      "integrity": "sha1-lmRU6HZUYuN2RNNib2dCzotwll0=",
      "dependencies": {
        "tr46": "~0.0.3",
        "webidl-conversions": "^3.0.0"
      }
    }
  },
  "dependencies": {
    "@turf/boolean-point-in-polygon": {
      "version": "7.1.0",
      "resolved": "https://registry.npmjs.org/@turf/boolean-point-in-polygon/-/boolean-point-in-polygon-7.1.0.tgz",
      "integrity": "sha512-mprVsyIQ+ijWTZwbnO4Jhxu94ZW2M2CheqLiRTsGJy0Ooay9v6Av5/Nl3/Gst7ZVXxPqMeMaFYkSzcTc87AKew==",
      "requires": {
        "@turf/helpers": "^7.1.0",
        "@turf/invariant": "^7.1.0",
        "@types/geojson": "^7946.0.10",
        "point-in-polygon-hao": "^1.1.0",
        "tslib": "^2.6.2"
      }
    },
    "@turf/helpers": {
      "version": "7.1.0",
      "resolved": "https://registry.npmjs.org/@turf/helpers/-/helpers-7.1.0.tgz",
      "integrity": "sha512-dTeILEUVeNbaEeoZUOhxH5auv7WWlOShbx7QSd4s0T4Z0/iz90z9yaVCtZOLbU89umKotwKaJQltBNO9CzVgaQ==",
      "requires": {
        "@types/geojson": "^7946.0.10",
        "tslib": "^2.6.2"
      }
    },
    "@turf/invariant": {
      "version": "7.1.0",
      "resolved": "https://registry.npmjs.org/@turf/invariant/-/invariant-7.1.0.tgz",
      "integrity": "sha512-OCLNqkItBYIP1nE9lJGuIUatWGtQ4rhBKAyTfFu0z8npVzGEYzvguEeof8/6LkKmTTEHW53tCjoEhSSzdRh08Q==",
      "requires": {
        "@turf/helpers": "^7.1.0",
        "@types/geojson": "^7946.0.10",
        "tslib": "^2.6.2"
      }
    },
    "@turf/meta": {
      "version": "7.1.0",
      "resolved": "https://registry.npmjs.org/@turf/meta/-/meta-7.1.0.tgz",
      "integrity": "sha512-ZgGpWWiKz797Fe8lfRj7HKCkGR+nSJ/5aKXMyofCvLSc2PuYJs/qyyifDPWjASQQCzseJ7AlF2Pc/XQ/3XkkuA==",
      "requires": {
        "@turf/helpers": "^7.1.0",
        "@types/geojson": "^7946.0.10"
      }
    },
    "@turf/points-within-polygon": {
      "version": "7.1.0",
      "resolved": "https://registry.npmjs.org/@turf/points-within-polygon/-/points-within-polygon-7.1.0.tgz",
      "integrity": "sha512-SzqeD9Gcp11rEya+rCVMy6IPuYMrphNEkCiQ39W6ec9hsaqKlruqmtudKhhckMGVLVUUBCQAu5f55yjcDfVW2w==",
      "requires": {
        "@turf/boolean-point-in-polygon": "^7.1.0",
        "@turf/helpers": "^7.1.0",
        "@turf/meta": "^7.1.0",
        "@types/geojson": "^7946.0.10",
        "tslib": "^2.6.2"
      }
    },
    "@types/geojson": {
      "version": "7946.0.14",
      "resolved": "https://registry.npmjs.org/@types/geojson/-/geojson-7946.0.14.tgz",
      "integrity": "sha512-WCfD5Ht3ZesJUsONdhvm84dmzWOiOzOAqOncN0++w0lBw1o8OuDNJF2McvvCef/yBqb/HYRahp1BYtODFQ8bRg=="
    },
    "node-fetch": {
      "version": "2.7.0",
      "resolved": "https://registry.npmjs.org/node-fetch/-/node-fetch-2.7.0.tgz",
      "integrity": "sha512-c4FRfUm/dbcWZ7U+1Wq0AwCyFL+3nt2bEw05wfxSz+DWpWsitgmSgYmy2dQdWyKC1694ELPqMs/YzUSNozLt8A==",
      "requires": {
        "whatwg-url": "^5.0.0"
      }
    },
    "point-in-polygon-hao": {
      "version": "1.1.0",
      "resolved": "https://registry.npmjs.org/point-in-polygon-hao/-/point-in-polygon-hao-1.1.0.tgz",
      "integrity": "sha512-3hTIM2j/v9Lio+wOyur3kckD4NxruZhpowUbEgmyikW+a2Kppjtu1eN+AhnMQtoHW46zld88JiYWv6fxpsDrTQ=="
    },
    "tr46": {
      "version": "0.0.3",
      "resolved": "https://registry.npmjs.org/tr46/-/tr46-0.0.3.tgz",
      "integrity": "sha1-gYT9NH2snNwYWZLzpmIuFLnZq2o="
    },
    "tslib": {
      "version": "2.7.0",
      "resolved": "https://registry.npmjs.org/tslib/-/tslib-2.7.0.tgz",
      "integrity": "sha512-gLXCKdN1/j47AiHiOkJN69hJmcbGTHI0ImLmbYLHykhgeN0jVGola9yVjFgzCUklsZQMW55o+dW7IXv3RCXDzA=="
    },
    "webidl-conversions": {
      "version": "3.0.1",
      "resolved": "https://registry.npmjs.org/webidl-conversions/-/webidl-conversions-3.0.1.tgz",
      "integrity": "sha1-JFNCdeKnvGvnvIZhHMFq4KVlSHE="
    },
    "whatwg-url": {
      "version": "5.0.0",
      "resolved": "https://registry.npmjs.org/whatwg-url/-/whatwg-url-5.0.0.tgz",
      "integrity": "sha1-lmRU6HZUYuN2RNNib2dCzotwll0=",
      "requires": {
        "tr46": "~0.0.3",
        "webidl-conversions": "^3.0.0"
      }
    }
  }
}
