{
  "name": "peatused-data",
  "version": "1.0.0",
  "lockfileVersion": 3,
  "requires": true,
  "packages": {
    "": {
      "name": "peatused-data",
      "version": "1.0.0",
      "dependencies": {
        "@turf/points-within-polygon": "7.3.4"
      }
    },
    "node_modules/@turf/boolean-point-in-polygon": {
      "version": "7.3.4",
      "resolved": "https://registry.npmjs.org/@turf/boolean-point-in-polygon/-/boolean-point-in-polygon-7.3.4.tgz",
      "integrity": "sha512-v/4hfyY90Vz9cDgs2GwjQf+Lft8o7mNCLJOTz/iv8SHAIgMMX0czEoIaNVOJr7tBqPqwin1CGwsncrkf5C9n8Q==",
      "license": "MIT",
      "dependencies": {
        "@turf/helpers": "7.3.4",
        "@turf/invariant": "7.3.4",
        "@types/geojson": "^7946.0.10",
        "point-in-polygon-hao": "^1.1.0",
        "tslib": "^2.8.1"
      },
      "funding": {
        "url": "https://opencollective.com/turf"
      }
    },
    "node_modules/@turf/helpers": {
      "version": "7.3.4",
      "resolved": "https://registry.npmjs.org/@turf/helpers/-/helpers-7.3.4.tgz",
      "integrity": "sha512-U/S5qyqgx3WTvg4twaH0WxF3EixoTCfDsmk98g1E3/5e2YKp7JKYZdz0vivsS5/UZLJeZDEElOSFH4pUgp+l7g==",
      "license": "MIT",
      "dependencies": {
        "@types/geojson": "^7946.0.10",
        "tslib": "^2.8.1"
      },
      "funding": {
        "url": "https://opencollective.com/turf"
      }
    },
    "node_modules/@turf/invariant": {
      "version": "7.3.4",
      "resolved": "https://registry.npmjs.org/@turf/invariant/-/invariant-7.3.4.tgz",
      "integrity": "sha512-88Eo4va4rce9sNZs6XiMJowWkikM3cS2TBhaCKlU+GFHdNf8PFEpiU42VDU8q5tOF6/fu21Rvlke5odgOGW4AQ==",
      "license": "MIT",
      "dependencies": {
        "@turf/helpers": "7.3.4",
        "@types/geojson": "^7946.0.10",
        "tslib": "^2.8.1"
      },
      "funding": {
        "url": "https://opencollective.com/turf"
      }
    },
    "node_modules/@turf/meta": {
      "version": "7.3.4",
      "resolved": "https://registry.npmjs.org/@turf/meta/-/meta-7.3.4.tgz",
      "integrity": "sha512-tlmw9/Hs1p2n0uoHVm1w3ugw1I6L8jv9YZrcdQa4SH5FX5UY0ATrKeIvfA55FlL//PGuYppJp+eyg/0eb4goqw==",
      "license": "MIT",
      "dependencies": {
        "@turf/helpers": "7.3.4",
        "@types/geojson": "^7946.0.10",
        "tslib": "^2.8.1"
      },
      "funding": {
        "url": "https://opencollective.com/turf"
      }
    },
    "node_modules/@turf/points-within-polygon": {
      "version": "7.3.4",
      "resolved": "https://registry.npmjs.org/@turf/points-within-polygon/-/points-within-polygon-7.3.4.tgz",
      "integrity": "sha512-HfT83Iw99zywDfCp+nJwS+JDzH+GdNug0sut9WDjGEznHKoZyAcOk+hGKL/ja8TeCLx9VsZHOiVCQFm+NTgvgA==",
      "license": "MIT",
      "dependencies": {
        "@turf/boolean-point-in-polygon": "7.3.4",
        "@turf/helpers": "7.3.4",
        "@turf/meta": "7.3.4",
        "@types/geojson": "^7946.0.10",
        "tslib": "^2.8.1"
      },
      "funding": {
        "url": "https://opencollective.com/turf"
      }
    },
    "node_modules/@types/geojson": {
      "version": "7946.0.16",
      "resolved": "https://registry.npmjs.org/@types/geojson/-/geojson-7946.0.16.tgz",
      "integrity": "sha512-6C8nqWur3j98U6+lXDfTUWIfgvZU+EumvpHKcYjujKH7woYyLj2sUmff0tRhrqM7BohUw7Pz3ZB1jj2gW9Fvmg==",
      "license": "MIT"
    },
    "node_modules/point-in-polygon-hao": {
      "version": "1.2.4",
      "resolved": "https://registry.npmjs.org/point-in-polygon-hao/-/point-in-polygon-hao-1.2.4.tgz",
      "integrity": "sha512-x2pcvXeqhRHlNRdhLs/tgFapAbSSe86wa/eqmj1G6pWftbEs5aVRJhRGM6FYSUERKu0PjekJzMq0gsI2XyiclQ==",
      "license": "MIT",
      "dependencies": {
        "robust-predicates": "^3.0.2"
      }
    },
    "node_modules/robust-predicates": {
      "version": "3.0.3",
      "resolved": "https://registry.npmjs.org/robust-predicates/-/robust-predicates-3.0.3.tgz",
      "integrity": "sha512-NS3levdsRIUOmiJ8FZWCP7LG3QpJyrs/TE0Zpf1yvZu8cAJJ6QMW92H1c7kWpdIHo8RvmLxN/o2JXTKHp74lUA==",
      "license": "Unlicense"
    },
    "node_modules/tslib": {
      "version": "2.8.1",
      "resolved": "https://registry.npmjs.org/tslib/-/tslib-2.8.1.tgz",
      "integrity": "sha512-oJFu94HQb+KVduSUQL7wnpmqnfmLsOA/nAh6b6EH0wCEoK0/mPeXU6c3wKDV83MkOuHPRHtSXKKU99IBazS/2w==",
      "license": "0BSD"
    }
  }
}
